
Microsoft Visual Studio Solution File, Format Version 12.00
# Visual Studio Version 17
VisualStudioVersion = 17.0.32002.185
MinimumVisualStudioVersion = 10.0.40219.1
Project("{FAE04EC0-301F-11D3-BF4B-00C04F79EFBC}") = "OperadoresDeAtribuicao", "OperadoresDeAtribuicao.csproj", "{4F2F81F8-6AD0-4F4A-8509-493E5348CDF5}"
EndProject
Global
	GlobalSection(SolutionConfigurationPlatforms) = preSolution
		Debug|Any CPU = Debug|Any CPU
		Release|Any CPU = Release|Any CPU
	EndGlobalSection
	GlobalSection(ProjectConfigurationPlatforms) = postSolution
		{4F2F81F8-6AD0-4F4A-8509-493E5348CDF5}.Debug|Any CPU.ActiveCfg = Debug|Any CPU
		{4F2F81F8-6AD0-4F4A-8509-493E5348CDF5}.Debug|Any CPU.Build.0 = Debug|Any CPU
		{4F2F81F8-6AD0-4F4A-8509-493E5348CDF5}.Release|Any CPU.ActiveCfg = Release|Any CPU
		{4F2F81F8-6AD0-4F4A-8509-493E5348CDF5}.Release|Any CPU.Build.0 = Release|Any CPU
	EndGlobalSection
	GlobalSection(SolutionProperties) = preSolution
		HideSolutionNode = FALSE
	EndGlobalSection
	GlobalSection(ExtensibilityGlobals) = postSolution
		SolutionGuid = {FC00CD6B-8650-4178-B57D-5DA74648234D}
	EndGlobalSection
EndGlobal
